
Microsoft Visual Studio Solution File, Format Version 12.00
# Visual Studio Version 17
VisualStudioVersion = 17.9.34607.119
MinimumVisualStudioVersion = 10.0.40219.1
Project("{9A19103F-16F7-4668-BE54-9A1E7A4F7556}") = "Web.Api", "backend\Web.Api\Web.Api.csproj", "{76AB0BA3-CE58-4AEA-8719-4084A364C43B}"
EndProject
Project("{9A19103F-16F7-4668-BE54-9A1E7A4F7556}") = "Application", "backend\Application\Application.csproj", "{04598C78-C03B-4CB4-A0E7-829DDF25575C}"
EndProject
Project("{9A19103F-16F7-4668-BE54-9A1E7A4F7556}") = "Infrastructure", "backend\Infrastructure\Infrastructure.csproj", "{24975014-0287-4941-9F27-731595E622C7}"
EndProject
Project("{9A19103F-16F7-4668-BE54-9A1E7A4F7556}") = "Domain", "backend\Domain\Domain.csproj", "{9E765577-E1EF-4848-BF18-80CE19AB3D96}"
EndProject
Project("{2150E333-8FDC-42A3-9474-1A3956D46DE8}") = "src", "src", "{F21573EA-9061-4C45-BFEB-0904D0F2432A}"
EndProject
Project("{2150E333-8FDC-42A3-9474-1A3956D46DE8}") = "tests", "tests", "{FE6E3363-E3EF-4862-9658-34D54F01C94A}"
EndProject
Project("{9A19103F-16F7-4668-BE54-9A1E7A4F7556}") = "ArchitectureTests", "tests\ArchitectureTests\ArchitectureTests.csproj", "{2E19AB4A-24A7-4E50-8796-FCF6066F76A0}"
EndProject
Project("{9A19103F-16F7-4668-BE54-9A1E7A4F7556}") = "UnitTests", "tests\UnitTests\UnitTests.csproj", "{902FA593-F1B6-487C-8BE9-510CCCE5CA03}"
EndProject
Project("{9A19103F-16F7-4668-BE54-9A1E7A4F7556}") = "IntegrationTests", "tests\IntegrationTests\IntegrationTests.csproj", "{1B7812FE-F57C-4588-B496-16E9A445130D}"
EndProject
Project("{9A19103F-16F7-4668-BE54-9A1E7A4F7556}") = "FunctionalTests", "tests\FunctionalTests\FunctionalTests.csproj", "{58EF005D-90A7-4657-9FB0-8313FEE687D9}"
EndProject
Project("{2150E333-8FDC-42A3-9474-1A3956D46DE8}") = "backend", "backend", "{DBFCAC96-DF38-4823-892A-A8B9DA93264A}"
EndProject
Project("{E53339B2-1760-4266-BCC7-CA923CBCF16C}") = "docker-compose", "docker-compose.dcproj", "{94E4756B-981A-4DEE-8735-5233B7F41BCE}"
EndProject
Global
	GlobalSection(SolutionConfigurationPlatforms) = preSolution
		Debug|Any CPU = Debug|Any CPU
		Release|Any CPU = Release|Any CPU
	EndGlobalSection
	GlobalSection(ProjectConfigurationPlatforms) = postSolution
		{76AB0BA3-CE58-4AEA-8719-4084A364C43B}.Debug|Any CPU.ActiveCfg = Debug|Any CPU
		{76AB0BA3-CE58-4AEA-8719-4084A364C43B}.Debug|Any CPU.Build.0 = Debug|Any CPU
		{76AB0BA3-CE58-4AEA-8719-4084A364C43B}.Release|Any CPU.ActiveCfg = Release|Any CPU
		{76AB0BA3-CE58-4AEA-8719-4084A364C43B}.Release|Any CPU.Build.0 = Release|Any CPU
		{04598C78-C03B-4CB4-A0E7-829DDF25575C}.Debug|Any CPU.ActiveCfg = Debug|Any CPU
		{04598C78-C03B-4CB4-A0E7-829DDF25575C}.Debug|Any CPU.Build.0 = Debug|Any CPU
		{04598C78-C03B-4CB4-A0E7-829DDF25575C}.Release|Any CPU.ActiveCfg = Release|Any CPU
		{04598C78-C03B-4CB4-A0E7-829DDF25575C}.Release|Any CPU.Build.0 = Release|Any CPU
		{24975014-0287-4941-9F27-731595E622C7}.Debug|Any CPU.ActiveCfg = Debug|Any CPU
		{24975014-0287-4941-9F27-731595E622C7}.Debug|Any CPU.Build.0 = Debug|Any CPU
		{24975014-0287-4941-9F27-731595E622C7}.Release|Any CPU.ActiveCfg = Release|Any CPU
		{24975014-0287-4941-9F27-731595E622C7}.Release|Any CPU.Build.0 = Release|Any CPU
		{9E765577-E1EF-4848-BF18-80CE19AB3D96}.Debug|Any CPU.ActiveCfg = Debug|Any CPU
		{9E765577-E1EF-4848-BF18-80CE19AB3D96}.Debug|Any CPU.Build.0 = Debug|Any CPU
		{9E765577-E1EF-4848-BF18-80CE19AB3D96}.Release|Any CPU.ActiveCfg = Release|Any CPU
		{9E765577-E1EF-4848-BF18-80CE19AB3D96}.Release|Any CPU.Build.0 = Release|Any CPU
		{2E19AB4A-24A7-4E50-8796-FCF6066F76A0}.Debug|Any CPU.ActiveCfg = Debug|Any CPU
		{2E19AB4A-24A7-4E50-8796-FCF6066F76A0}.Debug|Any CPU.Build.0 = Debug|Any CPU
		{2E19AB4A-24A7-4E50-8796-FCF6066F76A0}.Release|Any CPU.ActiveCfg = Release|Any CPU
		{2E19AB4A-24A7-4E50-8796-FCF6066F76A0}.Release|Any CPU.Build.0 = Release|Any CPU
		{902FA593-F1B6-487C-8BE9-510CCCE5CA03}.Debug|Any CPU.ActiveCfg = Debug|Any CPU
		{902FA593-F1B6-487C-8BE9-510CCCE5CA03}.Debug|Any CPU.Build.0 = Debug|Any CPU
		{902FA593-F1B6-487C-8BE9-510CCCE5CA03}.Release|Any CPU.ActiveCfg = Release|Any CPU
		{902FA593-F1B6-487C-8BE9-510CCCE5CA03}.Release|Any CPU.Build.0 = Release|Any CPU
		{1B7812FE-F57C-4588-B496-16E9A445130D}.Debug|Any CPU.ActiveCfg = Debug|Any CPU
		{1B7812FE-F57C-4588-B496-16E9A445130D}.Debug|Any CPU.Build.0 = Debug|Any CPU
		{1B7812FE-F57C-4588-B496-16E9A445130D}.Release|Any CPU.ActiveCfg = Release|Any CPU
		{1B7812FE-F57C-4588-B496-16E9A445130D}.Release|Any CPU.Build.0 = Release|Any CPU
		{58EF005D-90A7-4657-9FB0-8313FEE687D9}.Debug|Any CPU.ActiveCfg = Debug|Any CPU
		{58EF005D-90A7-4657-9FB0-8313FEE687D9}.Debug|Any CPU.Build.0 = Debug|Any CPU
		{58EF005D-90A7-4657-9FB0-8313FEE687D9}.Release|Any CPU.ActiveCfg = Release|Any CPU
		{58EF005D-90A7-4657-9FB0-8313FEE687D9}.Release|Any CPU.Build.0 = Release|Any CPU
		{94E4756B-981A-4DEE-8735-5233B7F41BCE}.Debug|Any CPU.ActiveCfg = Debug|Any CPU
		{94E4756B-981A-4DEE-8735-5233B7F41BCE}.Debug|Any CPU.Build.0 = Debug|Any CPU
		{94E4756B-981A-4DEE-8735-5233B7F41BCE}.Release|Any CPU.ActiveCfg = Release|Any CPU
		{94E4756B-981A-4DEE-8735-5233B7F41BCE}.Release|Any CPU.Build.0 = Release|Any CPU
	EndGlobalSection
	GlobalSection(SolutionProperties) = preSolution
		HideSolutionNode = FALSE
	EndGlobalSection
	GlobalSection(NestedProjects) = preSolution
		{76AB0BA3-CE58-4AEA-8719-4084A364C43B} = {DBFCAC96-DF38-4823-892A-A8B9DA93264A}
		{04598C78-C03B-4CB4-A0E7-829DDF25575C} = {DBFCAC96-DF38-4823-892A-A8B9DA93264A}
		{24975014-0287-4941-9F27-731595E622C7} = {DBFCAC96-DF38-4823-892A-A8B9DA93264A}
		{9E765577-E1EF-4848-BF18-80CE19AB3D96} = {DBFCAC96-DF38-4823-892A-A8B9DA93264A}
		{FE6E3363-E3EF-4862-9658-34D54F01C94A} = {F21573EA-9061-4C45-BFEB-0904D0F2432A}
		{2E19AB4A-24A7-4E50-8796-FCF6066F76A0} = {FE6E3363-E3EF-4862-9658-34D54F01C94A}
		{902FA593-F1B6-487C-8BE9-510CCCE5CA03} = {FE6E3363-E3EF-4862-9658-34D54F01C94A}
		{1B7812FE-F57C-4588-B496-16E9A445130D} = {FE6E3363-E3EF-4862-9658-34D54F01C94A}
		{58EF005D-90A7-4657-9FB0-8313FEE687D9} = {FE6E3363-E3EF-4862-9658-34D54F01C94A}
		{DBFCAC96-DF38-4823-892A-A8B9DA93264A} = {F21573EA-9061-4C45-BFEB-0904D0F2432A}
	EndGlobalSection
	GlobalSection(ExtensibilityGlobals) = postSolution
		SolutionGuid = {129A3BCB-636E-4079-A000-630A90AD1875}
	EndGlobalSection
EndGlobal
